# THIS IS AN AUTOGENERATED FILE. DO NOT EDIT THIS FILE DIRECTLY.
# yarn lockfile v1


apollo-graphql@^0.9.3:
  version "0.9.3"
  resolved "https://registry.yarnpkg.com/apollo-graphql/-/apollo-graphql-0.9.3.tgz#1ca6f625322ae10a66f57a39642849a07a7a5dc9"
  integrity sha512-rcAl2E841Iko4kSzj4Pt3PRBitmyq1MvoEmpl04TQSpGnoVgl1E/ZXuLBYxMTSnEAm7umn2IsoY+c6Ll9U/10A==
  dependencies:
    core-js-pure "^3.10.2"
    lodash.sortby "^4.7.0"
    sha.js "^2.4.11"

core-js-pure@^3.10.2:
  version "3.17.3"
  resolved "https://registry.yarnpkg.com/core-js-pure/-/core-js-pure-3.17.3.tgz#98ea3587188ab7ef4695db6518eeb71aec42604a"
  integrity sha512-YusrqwiOTTn8058JDa0cv9unbXdIiIgcgI9gXso0ey4WgkFLd3lYlV9rp9n7nDCsYxXsMDTjA4m1h3T348mdlQ==

inherits@^2.0.1:
  version "2.0.4"
  resolved "https://registry.yarnpkg.com/inherits/-/inherits-2.0.4.tgz#0fa2c64f932917c3433a0ded55363aae37416b7c"
  integrity sha512-k/vGaX4/Yla3WzyMCvTQOXYeIHvqOKtnqBduzTHpzpQZzAskKMhZ2K+EnBiSM9zGSoIFeMpXKxa4dYeZIQqewQ==

lodash.sortby@^4.7.0:
  version "4.7.0"
  resolved "https://registry.yarnpkg.com/lodash.sortby/-/lodash.sortby-4.7.0.tgz#edd14c824e2cc9c1e0b0a1b42bb5210516a42438"
  integrity sha1-7dFMgk4sycHgsKG0K7UhBRakJDg=

safe-buffer@^5.0.1:
  version "5.2.1"
  resolved "https://registry.yarnpkg.com/safe-buffer/-/safe-buffer-5.2.1.tgz#1eaf9fa9bdb1fdd4ec75f58f9cdb4e6b7827eec6"
  integrity sha512-rp3So07KcdmmKbGvgaNxQSJr7bGVSVk5S9Eq1F+ppbRo70+YeaDxkw5Dd8NPN+GD6bjnYm2VuPuCXmpuYvmCXQ==

sha.js@^2.4.11:
  version "2.4.11"
  resolved "https://registry.yarnpkg.com/sha.js/-/sha.js-2.4.11.tgz#37a5cf0b81ecbc6943de109ba2960d1b26584ae7"
  integrity sha512-QMEp5B7cftE7APOjk5Y6xgrbWu+WkLVQwk8JNjZ8nKRciZaByEW6MubieAiToS7+dwvrjGhH8jRXz3MVd0AYqQ==
  dependencies:
    inherits "^2.0.1"
    safe-buffer "^5.0.1"
